{
  "name": "umat-vle-enhanced",
  "lockfileVersion": 3,
  "requires": true,
  "packages": {
    "": {
      "dependencies": {
        "material-symbols": "^0.44.12"
      }
    },
    "node_modules/material-symbols": {
      "version": "0.44.12",
      "resolved": "https://registry.npmjs.org/material-symbols/-/material-symbols-0.44.12.tgz",
      "integrity": "sha512-lZkS9BwISNU2Jbup+IlwZrr9z1oAK6zx38qPpe7mNzkXwiIEnQaxPz1Sf3bNZ0MX15LNlJQNjKI3MWLgmo83+Q==",
      "license": "Apache-2.0"
    }
  }
}
